// !$*UTF8*$!
{
	archiveVersion = 1;
	classes = {
	};
	objectVersion = 50;
	objects = {

/* Begin PBXBuildFile section */
		EF6046D4255AC74200D1AA14 /* AppDelegate.swift in Sources */ = {isa = PBXBuildFile; fileRef = EF6046D3255AC74200D1AA14 /* AppDelegate.swift */; };
		EF6046D6255AC74200D1AA14 /* SceneDelegate.swift in Sources */ = {isa = PBXBuildFile; fileRef = EF6046D5255AC74200D1AA14 /* SceneDelegate.swift */; };
		EF6046D8255AC74200D1AA14 /* ViewController.swift in Sources */ = {isa = PBXBuildFile; fileRef = EF6046D7255AC74200D1AA14 /* ViewController.swift */; };
		EF6046DB255AC74200D1AA14 /* Main.storyboard in Resources */ = {isa = PBXBuildFile; fileRef = EF6046D9255AC74200D1AA14 /* Main.storyboard */; };
		EF6046DD255AC74700D1AA14 /* Assets.xcassets in Resources */ = {isa = PBXBuildFile; fileRef = EF6046DC255AC74700D1AA14 /* Assets.xcassets */; };
		EF6046E0255AC74700D1AA14 /* LaunchScreen.storyboard in Resources */ = {isa = PBXBuildFile; fileRef = EF6046DE255AC74700D1AA14 /* LaunchScreen.storyboard */; };
		EF6046E9255AC82800D1AA14 /* RoundButton.swift in Sources */ = {isa = PBXBuildFile; fileRef = EF6046E8255AC82800D1AA14 /* RoundButton.swift */; };
/* End PBXBuildFile section */

/* Begin PBXFileReference section */
		EF6046D0255AC74200D1AA14 /* ColculatorApp.app */ = {isa = PBXFileReference; explicitFileType = wrapper.application; includeInIndex = 0; path = ColculatorApp.app; sourceTree = BUILT_PRODUCTS_DIR; };
		EF6046D3255AC74200D1AA14 /* AppDelegate.swift */ = {isa = PBXFileReference; lastKnownFileType = sourcecode.swift; path = AppDelegate.swift; sourceTree = "<group>"; };
		EF6046D5255AC74200D1AA14 /* SceneDelegate.swift */ = {isa = PBXFileReference; lastKnownFileType = sourcecode.swift; path = SceneDelegate.swift; sourceTree = "<group>"; };
		EF6046D7255AC74200D1AA14 /* ViewController.swift */ = {isa = PBXFileReference; lastKnownFileType = sourcecode.swift; path = ViewController.swift; sourceTree = "<group>"; };
		EF6046DA255AC74200D1AA14 /* Base */ = {isa = PBXFileReference; lastKnownFileType = file.storyboard; name = Base; path = Base.lproj/Main.storyboard; sourceTree = "<group>"; };
		EF6046DC255AC74700D1AA14 /* Assets.xcassets */ = {isa = PBXFileReference; lastKnownFileType = folder.assetcatalog; path = Assets.xcassets; sourceTree = "<group>"; };
		EF6046DF255AC74700D1AA14 /* Base */ = {isa = PBXFileReference; lastKnownFileType = file.storyboard; name = Base; path = Base.lproj/LaunchScreen.storyboard; sourceTree = "<group>"; };
		EF6046E1255AC74700D1AA14 /* Info.plist */ = {isa = PBXFileReference; lastKnownFileType = text.plist.xml; path = Info.plist; sourceTree = "<group>"; };
		EF6046E8255AC82800D1AA14 /* RoundButton.swift */ = {isa = PBXFileReference; lastKnownFileType = sourcecode.swift; path = RoundButton.swift; sourceTree = "<group>"; };
/* End PBXFileReference section */

/* Begin PBXFrameworksBuildPhase section */
		EF6046CD255AC74200D1AA14 /* Frameworks */ = {
			isa = PBXFrameworksBuildPhase;
			buildActionMask = 2147483647;
			files = (
			);
			runOnlyForDeploymentPostprocessing = 0;
		};
/* End PBXFrameworksBuildPhase section */

/* Begin PBXGroup section */
		EF6046C7255AC74200D1AA14 = {
			isa = PBXGroup;
			children = (
				EF6046D2255AC74200D1AA14 /* ColculatorApp */,
				EF6046D1255AC74200D1AA14 /* Products */,
			);
			sourceTree = "<group>";
		};
		EF6046D1255AC74200D1AA14 /* Products */ = {
			isa = PBXGroup;
			children = (
				EF6046D0255AC74200D1AA14 /* ColculatorApp.app */,
			);
			name = Products;
			sourceTree = "<group>";
		};
		EF6046D2255AC74200D1AA14 /* ColculatorApp */ = {
			isa = PBXGroup;
			children = (
				EF6046D3255AC74200D1AA14 /* AppDelegate.swift */,
				EF6046D5255AC74200D1AA14 /* SceneDelegate.swift */,
				EF6046D7255AC74200D1AA14 /* ViewController.swift */,
				EF6046E8255AC82800D1AA14 /* RoundButton.swift */,
				EF6046D9255AC74200D1AA14 /* Main.storyboard */,
				EF6046DC255AC74700D1AA14 /* Assets.xcassets */,
				EF6046DE255AC74700D1AA14 /* LaunchScreen.storyboard */,
				EF6046E1255AC74700D1AA14 /* Info.plist */,
			);
			path = ColculatorApp;
			sourceTree = "<group>";
		};
/* End PBXGroup section */

/* Begin PBXNativeTarget section */
		EF6046CF255AC74200D1AA14 /* ColculatorApp */ = {
			isa = PBXNativeTarget;
			buildConfigurationList = EF6046E4255AC74700D1AA14 /* Build configuration list for PBXNativeTarget "ColculatorApp" */;
			buildPhases = (
				EF6046CC255AC74200D1AA14 /* Sources */,
				EF6046CD255AC74200D1AA14 /* Frameworks */,
				EF6046CE255AC74200D1AA14 /* Resources */,
			);
			buildRules = (
			);
			dependencies = (
			);
			name = ColculatorApp;
			productName = ColculatorApp;
			productReference = EF6046D0255AC74200D1AA14 /* ColculatorApp.app */;
			productType = "com.apple.product-type.application";
		};
/* End PBXNativeTarget section */

/* Begin PBXProject section */
		EF6046C8255AC74200D1AA14 /* Project object */ = {
			isa = PBXProject;
			attributes = {
				LastSwiftUpdateCheck = 1200;
				LastUpgradeCheck = 1200;
				TargetAttributes = {
					EF6046CF255AC74200D1AA14 = {
						CreatedOnToolsVersion = 12.0.1;
					};
				};
			};
			buildConfigurationList = EF6046CB255AC74200D1AA14 /* Build configuration list for PBXProject "ColculatorApp" */;
			compatibilityVersion = "Xcode 9.3";
			developmentRegion = en;
			hasScannedForEncodings = 0;
			knownRegions = (
				en,
				Base,
			);
			mainGroup = EF6046C7255AC74200D1AA14;
			productRefGroup = EF6046D1255AC74200D1AA14 /* Products */;
			projectDirPath = "";
			projectRoot = "";
			targets = (
				EF6046CF255AC74200D1AA14 /* ColculatorApp */,
			);
		};
/* End PBXProject section */

/* Begin PBXResourcesBuildPhase section */
		EF6046CE255AC74200D1AA14 /* Resources */ = {
			isa = PBXResourcesBuildPhase;
			buildActionMask = 2147483647;
			files = (
				EF6046E0255AC74700D1AA14 /* LaunchScreen.storyboard in Resources */,
				EF6046DD255AC74700D1AA14 /* Assets.xcassets in Resources */,
				EF6046DB255AC74200D1AA14 /* Main.storyboard in Resources */,
			);
			runOnlyForDeploymentPostprocessing = 0;
		};
/* End PBXResourcesBuildPhase section */

/* Begin PBXSourcesBuildPhase section */
		EF6046CC255AC74200D1AA14 /* Sources */ = {
			isa = PBXSourcesBuildPhase;
			buildActionMask = 2147483647;
			files = (
				EF6046E9255AC82800D1AA14 /* RoundButton.swift in Sources */,
				EF6046D8255AC74200D1AA14 /* ViewController.swift in Sources */,
				EF6046D4255AC74200D1AA14 /* AppDelegate.swift in Sources */,
				EF6046D6255AC74200D1AA14 /* SceneDelegate.swift in Sources */,
			);
			runOnlyForDeploymentPostprocessing = 0;
		};
/* End PBXSourcesBuildPhase section */

/* Begin PBXVariantGroup section */
		EF6046D9255AC74200D1AA14 /* Main.storyboard */ = {
			isa = PBXVariantGroup;
			children = (
				EF6046DA255AC74200D1AA14 /* Base */,
			);
			name = Main.storyboard;
			sourceTree = "<group>";
		};
		EF6046DE255AC74700D1AA14 /* LaunchScreen.storyboard */ = {
			isa = PBXVariantGroup;
			children = (
				EF6046DF255AC74700D1AA14 /* Base */,
			);
			name = LaunchScreen.storyboard;
			sourceTree = "<group>";
		};
/* End PBXVariantGroup section */

/* Begin XCBuildConfiguration section */
		EF6046E2255AC74700D1AA14 /* Debug */ = {
			isa = XCBuildConfiguration;
			buildSettings = {
				ALWAYS_SEARCH_USER_PATHS = NO;
				CLANG_ANALYZER_NONNULL = YES;
				CLANG_ANALYZER_NUMBER_OBJECT_CONVERSION = YES_AGGRESSIVE;
				CLANG_CXX_LANGUAGE_STANDARD = "gnu++14";
				CLANG_CXX_LIBRARY = "libc++";
				CLANG_ENABLE_MODULES = YES;
				CLANG_ENABLE_OBJC_ARC = YES;
				CLANG_ENABLE_OBJC_WEAK = YES;
				CLANG_WARN_BLOCK_CAPTURE_AUTORELEASING = YES;
				CLANG_WARN_BOOL_CONVERSION = YES;
				CLANG_WARN_COMMA = YES;
				CLANG_WARN_CONSTANT_CONVERSION = YES;
				CLANG_WARN_DEPRECATED_OBJC_IMPLEMENTATIONS = YES;
				CLANG_WARN_DIRECT_OBJC_ISA_USAGE = YES_ERROR;
				CLANG_WARN_DOCUMENTATION_COMMENTS = YES;
				CLANG_WARN_EMPTY_BODY = YES;
				CLANG_WARN_ENUM_CONVERSION = YES;
				CLANG_WARN_INFINITE_RECURSION = YES;
				CLANG_WARN_INT_CONVERSION = YES;
				CLANG_WARN_NON_LITERAL_NULL_CONVERSION = YES;
				CLANG_WARN_OBJC_IMPLICIT_RETAIN_SELF = YES;
				CLANG_WARN_OBJC_LITERAL_CONVERSION = YES;
				CLANG_WARN_OBJC_ROOT_CLASS = YES_ERROR;
				CLANG_WARN_QUOTED_INCLUDE_IN_FRAMEWORK_HEADER = YES;
				CLANG_WARN_RANGE_LOOP_ANALYSIS = YES;
				CLANG_WARN_STRICT_PROTOTYPES = YES;
				CLANG_WARN_SUSPICIOUS_MOVE = YES;
				CLANG_WARN_UNGUARDED_AVAILABILITY = YES_AGGRESSIVE;
				CLANG_WARN_UNREACHABLE_CODE = YES;
				CLANG_WARN__DUPLICATE_METHOD_MATCH = YES;
				COPY_PHASE_STRIP = NO;
				DEBUG_INFORMATION_FORMAT = dwarf;
				ENABLE_STRICT_OBJC_MSGSEND = YES;
				ENABLE_TESTABILITY = YES;
				GCC_C_LANGUAGE_STANDARD = gnu11;
				GCC_DYNAMIC_NO_PIC = NO;
				GCC_NO_COMMON_BLOCKS = YES;
				GCC_OPTIMIZATION_LEVEL = 0;
				GCC_PREPROCESSOR_DEFINITIONS = (
					"DEBUG=1",
					"$(inherited)",
				);
				GCC_WARN_64_TO_32_BIT_CONVERSION = YES;
				GCC_WARN_ABOUT_RETURN_TYPE = YES_ERROR;
				GCC_WARN_UNDECLARED_SELECTOR = YES;
				GCC_WARN_UNINITIALIZED_AUTOS = YES_AGGRESSIVE;
				GCC_WARN_UNUSED_FUNCTION = YES;
				GCC_WARN_UNUSED_VARIABLE = YES;
				IPHONEOS_DEPLOYMENT_TARGET = 14.0;
				MTL_ENABLE_DEBUG_INFO = INCLUDE_SOURCE;
				MTL_FAST_MATH = YES;
				ONLY_ACTIVE_ARCH = YES;
				SDKROOT = iphoneos;
				SWIFT_ACTIVE_COMPILATION_CONDITIONS = DEBUG;
				SWIFT_OPTIMIZATION_LEVEL = "-Onone";
			};
			name = Debug;
		};
		EF6046E3255AC74700D1AA14 /* Release */ = {
			isa = XCBuildConfiguration;
			buildSettings = {
				ALWAYS_SEARCH_USER_PATHS = NO;
				CLANG_ANALYZER_NONNULL = YES;
				CLANG_ANALYZER_NUMBER_OBJECT_CONVERSION = YES_AGGRESSIVE;
				CLANG_CXX_LANGUAGE_STANDARD = "gnu++14";
				CLANG_CXX_LIBRARY = "libc++";
				CLANG_ENABLE_MODULES = YES;
				CLANG_ENABLE_OBJC_ARC = YES;
				CLANG_ENABLE_OBJC_WEAK = YES;
				CLANG_WARN_BLOCK_CAPTURE_AUTORELEASING = YES;
				CLANG_WARN_BOOL_CONVERSION = YES;
				CLANG_WARN_COMMA = YES;
				CLANG_WARN_CONSTANT_CONVERSION = YES;
				CLANG_WARN_DEPRECATED_OBJC_IMPLEMENTATIONS = YES;
				CLANG_WARN_DIRECT_OBJC_ISA_USAGE = YES_ERROR;
				CLANG_WARN_DOCUMENTATION_COMMENTS = YES;
				CLANG_WARN_EMPTY_BODY = YES;
				CLANG_WARN_ENUM_CONVERSION = YES;
				CLANG_WARN_INFINITE_RECURSION = YES;
				CLANG_WARN_INT_CONVERSION = YES;
				CLANG_WARN_NON_LITERAL_NULL_CONVERSION = YES;
				CLANG_WARN_OBJC_IMPLICIT_RETAIN_SELF = YES;
				CLANG_WARN_OBJC_LITERAL_CONVERSION = YES;
				CLANG_WARN_OBJC_ROOT_CLASS = YES_ERROR;
				CLANG_WARN_QUOTED_INCLUDE_IN_FRAMEWORK_HEADER = YES;
				CLANG_WARN_RANGE_LOOP_ANALYSIS = YES;
				CLANG_WARN_STRICT_PROTOTYPES = YES;
				CLANG_WARN_SUSPICIOUS_MOVE = YES;
				CLANG_WARN_UNGUARDED_AVAILABILITY = YES_AGGRESSIVE;
				CLANG_WARN_UNREACHABLE_CODE = YES;
				CLANG_WARN__DUPLICATE_METHOD_MATCH = YES;
				COPY_PHASE_STRIP = NO;
				DEBUG_INFORMATION_FORMAT = "dwarf-with-dsym";
				ENABLE_NS_ASSERTIONS = NO;
				ENABLE_STRICT_OBJC_MSGSEND = YES;
				GCC_C_LANGUAGE_STANDARD = gnu11;
				GCC_NO_COMMON_BLOCKS = YES;
				GCC_WARN_64_TO_32_BIT_CONVERSION = YES;
				GCC_WARN_ABOUT_RETURN_TYPE = YES_ERROR;
				GCC_WARN_UNDECLARED_SELECTOR = YES;
				GCC_WARN_UNINITIALIZED_AUTOS = YES_AGGRESSIVE;
				GCC_WARN_UNUSED_FUNCTION = YES;
				GCC_WARN_UNUSED_VARIABLE = YES;
				IPHONEOS_DEPLOYMENT_TARGET = 14.0;
				MTL_ENABLE_DEBUG_INFO = NO;
				MTL_FAST_MATH = YES;
				SDKROOT = iphoneos;
				SWIFT_COMPILATION_MODE = wholemodule;
				SWIFT_OPTIMIZATION_LEVEL = "-O";
				VALIDATE_PRODUCT = YES;
			};
			name = Release;
		};
		EF6046E5255AC74700D1AA14 /* Debug */ = {
			isa = XCBuildConfiguration;
			buildSettings = {
				ASSETCATALOG_COMPILER_APPICON_NAME = AppIcon;
				ASSETCATALOG_COMPILER_GLOBAL_ACCENT_COLOR_NAME = AccentColor;
				CODE_SIGN_STYLE = Automatic;
				DEVELOPMENT_TEAM = V453D7MH43;
				INFOPLIST_FILE = ColculatorApp/Info.plist;
				LD_RUNPATH_SEARCH_PATHS = (
					"$(inherited)",
					"@executable_path/Frameworks",
				);
				PRODUCT_BUNDLE_IDENTIFIER = pl.edu.uj.waniova.ColculatorApp;
				PRODUCT_NAME = "$(TARGET_NAME)";
				SWIFT_VERSION = 5.0;
				TARGETED_DEVICE_FAMILY = "1,2";
			};
			name = Debug;
		};
		EF6046E6255AC74700D1AA14 /* Release */ = {
			isa = XCBuildConfiguration;
			buildSettings = {
				ASSETCATALOG_COMPILER_APPICON_NAME = AppIcon;
				ASSETCATALOG_COMPILER_GLOBAL_ACCENT_COLOR_NAME = AccentColor;
				CODE_SIGN_STYLE = Automatic;
				DEVELOPMENT_TEAM = V453D7MH43;
				INFOPLIST_FILE = ColculatorApp/Info.plist;
				LD_RUNPATH_SEARCH_PATHS = (
					"$(inherited)",
					"@executable_path/Frameworks",
				);
				PRODUCT_BUNDLE_IDENTIFIER = pl.edu.uj.waniova.ColculatorApp;
				PRODUCT_NAME = "$(TARGET_NAME)";
				SWIFT_VERSION = 5.0;
				TARGETED_DEVICE_FAMILY = "1,2";
			};
			name = Release;
		};
/* End XCBuildConfiguration section */

/* Begin XCConfigurationList section */
		EF6046CB255AC74200D1AA14 /* Build configuration list for PBXProject "ColculatorApp" */ = {
			isa = XCConfigurationList;
			buildConfigurations = (
				EF6046E2255AC74700D1AA14 /* Debug */,
				EF6046E3255AC74700D1AA14 /* Release */,
			);
			defaultConfigurationIsVisible = 0;
			defaultConfigurationName = Release;
		};
		EF6046E4255AC74700D1AA14 /* Build configuration list for PBXNativeTarget "ColculatorApp" */ = {
			isa = XCConfigurationList;
			buildConfigurations = (
				EF6046E5255AC74700D1AA14 /* Debug */,
				EF6046E6255AC74700D1AA14 /* Release */,
			);
			defaultConfigurationIsVisible = 0;
			defaultConfigurationName = Release;
		};
/* End XCConfigurationList section */
	};
	rootObject = EF6046C8255AC74200D1AA14 /* Project object */;
}
