// !$*UTF8*$!
{
	archiveVersion = 1;
	classes = {
	};
	objectVersion = 50;
	objects = {

/* Begin PBXBuildFile section */
		EF15E43B25B71CEA00543A51 /* Bundle-Decodable.swift in Sources */ = {isa = PBXBuildFile; fileRef = EF15E43A25B71CEA00543A51 /* Bundle-Decodable.swift */; };
		EF15E43E25B71D3300543A51 /* Astronaut.swift in Sources */ = {isa = PBXBuildFile; fileRef = EF15E43D25B71D3300543A51 /* Astronaut.swift */; };
		EF15E44125B71DE000543A51 /* astronauts.json in Resources */ = {isa = PBXBuildFile; fileRef = EF15E44025B71DE000543A51 /* astronauts.json */; };
		EF15E44425B71DED00543A51 /* missions.json in Resources */ = {isa = PBXBuildFile; fileRef = EF15E44325B71DED00543A51 /* missions.json */; };
		EF15E44725B71E9900543A51 /* Mission.swift in Sources */ = {isa = PBXBuildFile; fileRef = EF15E44625B71E9900543A51 /* Mission.swift */; };
		EF15E44A25B727E400543A51 /* MissionView.swift in Sources */ = {isa = PBXBuildFile; fileRef = EF15E44925B727E400543A51 /* MissionView.swift */; };
		EF15E44D25B72CE200543A51 /* AstronautsView.swift in Sources */ = {isa = PBXBuildFile; fileRef = EF15E44C25B72CE200543A51 /* AstronautsView.swift */; };
		EFD55BA025B70FDA00BFFEF5 /* MoonshotApp.swift in Sources */ = {isa = PBXBuildFile; fileRef = EFD55B9F25B70FDA00BFFEF5 /* MoonshotApp.swift */; };
		EFD55BA225B70FDA00BFFEF5 /* ContentView.swift in Sources */ = {isa = PBXBuildFile; fileRef = EFD55BA125B70FDA00BFFEF5 /* ContentView.swift */; };
		EFD55BA425B70FDD00BFFEF5 /* Assets.xcassets in Resources */ = {isa = PBXBuildFile; fileRef = EFD55BA325B70FDD00BFFEF5 /* Assets.xcassets */; };
		EFD55BA725B70FDD00BFFEF5 /* Preview Assets.xcassets in Resources */ = {isa = PBXBuildFile; fileRef = EFD55BA625B70FDD00BFFEF5 /* Preview Assets.xcassets */; };
/* End PBXBuildFile section */

/* Begin PBXFileReference section */
		EF15E43A25B71CEA00543A51 /* Bundle-Decodable.swift */ = {isa = PBXFileReference; lastKnownFileType = sourcecode.swift; path = "Bundle-Decodable.swift"; sourceTree = "<group>"; };
		EF15E43D25B71D3300543A51 /* Astronaut.swift */ = {isa = PBXFileReference; lastKnownFileType = sourcecode.swift; path = Astronaut.swift; sourceTree = "<group>"; };
		EF15E44025B71DE000543A51 /* astronauts.json */ = {isa = PBXFileReference; fileEncoding = 4; lastKnownFileType = text.json; path = astronauts.json; sourceTree = "<group>"; };
		EF15E44325B71DED00543A51 /* missions.json */ = {isa = PBXFileReference; fileEncoding = 4; lastKnownFileType = text.json; path = missions.json; sourceTree = "<group>"; };
		EF15E44625B71E9900543A51 /* Mission.swift */ = {isa = PBXFileReference; lastKnownFileType = sourcecode.swift; path = Mission.swift; sourceTree = "<group>"; };
		EF15E44925B727E400543A51 /* MissionView.swift */ = {isa = PBXFileReference; lastKnownFileType = sourcecode.swift; path = MissionView.swift; sourceTree = "<group>"; };
		EF15E44C25B72CE200543A51 /* AstronautsView.swift */ = {isa = PBXFileReference; lastKnownFileType = sourcecode.swift; path = AstronautsView.swift; sourceTree = "<group>"; };
		EFD55B9C25B70FDA00BFFEF5 /* Moonshot.app */ = {isa = PBXFileReference; explicitFileType = wrapper.application; includeInIndex = 0; path = Moonshot.app; sourceTree = BUILT_PRODUCTS_DIR; };
		EFD55B9F25B70FDA00BFFEF5 /* MoonshotApp.swift */ = {isa = PBXFileReference; lastKnownFileType = sourcecode.swift; path = MoonshotApp.swift; sourceTree = "<group>"; };
		EFD55BA125B70FDA00BFFEF5 /* ContentView.swift */ = {isa = PBXFileReference; lastKnownFileType = sourcecode.swift; path = ContentView.swift; sourceTree = "<group>"; };
		EFD55BA325B70FDD00BFFEF5 /* Assets.xcassets */ = {isa = PBXFileReference; lastKnownFileType = folder.assetcatalog; path = Assets.xcassets; sourceTree = "<group>"; };
		EFD55BA625B70FDD00BFFEF5 /* Preview Assets.xcassets */ = {isa = PBXFileReference; lastKnownFileType = folder.assetcatalog; path = "Preview Assets.xcassets"; sourceTree = "<group>"; };
		EFD55BA825B70FDD00BFFEF5 /* Info.plist */ = {isa = PBXFileReference; lastKnownFileType = text.plist.xml; path = Info.plist; sourceTree = "<group>"; };
/* End PBXFileReference section */

/* Begin PBXFrameworksBuildPhase section */
		EFD55B9925B70FDA00BFFEF5 /* Frameworks */ = {
			isa = PBXFrameworksBuildPhase;
			buildActionMask = 2147483647;
			files = (
			);
			runOnlyForDeploymentPostprocessing = 0;
		};
/* End PBXFrameworksBuildPhase section */

/* Begin PBXGroup section */
		EFD55B9325B70FD900BFFEF5 = {
			isa = PBXGroup;
			children = (
				EFD55B9E25B70FDA00BFFEF5 /* Moonshot */,
				EFD55B9D25B70FDA00BFFEF5 /* Products */,
			);
			sourceTree = "<group>";
		};
		EFD55B9D25B70FDA00BFFEF5 /* Products */ = {
			isa = PBXGroup;
			children = (
				EFD55B9C25B70FDA00BFFEF5 /* Moonshot.app */,
			);
			name = Products;
			sourceTree = "<group>";
		};
		EFD55B9E25B70FDA00BFFEF5 /* Moonshot */ = {
			isa = PBXGroup;
			children = (
				EFD55B9F25B70FDA00BFFEF5 /* MoonshotApp.swift */,
				EF15E44C25B72CE200543A51 /* AstronautsView.swift */,
				EFD55BA125B70FDA00BFFEF5 /* ContentView.swift */,
				EF15E44925B727E400543A51 /* MissionView.swift */,
				EF15E44625B71E9900543A51 /* Mission.swift */,
				EF15E43A25B71CEA00543A51 /* Bundle-Decodable.swift */,
				EF15E44325B71DED00543A51 /* missions.json */,
				EF15E43D25B71D3300543A51 /* Astronaut.swift */,
				EFD55BA325B70FDD00BFFEF5 /* Assets.xcassets */,
				EF15E44025B71DE000543A51 /* astronauts.json */,
				EFD55BA825B70FDD00BFFEF5 /* Info.plist */,
				EFD55BA525B70FDD00BFFEF5 /* Preview Content */,
			);
			path = Moonshot;
			sourceTree = "<group>";
		};
		EFD55BA525B70FDD00BFFEF5 /* Preview Content */ = {
			isa = PBXGroup;
			children = (
				EFD55BA625B70FDD00BFFEF5 /* Preview Assets.xcassets */,
			);
			path = "Preview Content";
			sourceTree = "<group>";
		};
/* End PBXGroup section */

/* Begin PBXNativeTarget section */
		EFD55B9B25B70FDA00BFFEF5 /* Moonshot */ = {
			isa = PBXNativeTarget;
			buildConfigurationList = EFD55BAB25B70FDD00BFFEF5 /* Build configuration list for PBXNativeTarget "Moonshot" */;
			buildPhases = (
				EFD55B9825B70FDA00BFFEF5 /* Sources */,
				EFD55B9925B70FDA00BFFEF5 /* Frameworks */,
				EFD55B9A25B70FDA00BFFEF5 /* Resources */,
			);
			buildRules = (
			);
			dependencies = (
			);
			name = Moonshot;
			productName = Moonshot;
			productReference = EFD55B9C25B70FDA00BFFEF5 /* Moonshot.app */;
			productType = "com.apple.product-type.application";
		};
/* End PBXNativeTarget section */

/* Begin PBXProject section */
		EFD55B9425B70FD900BFFEF5 /* Project object */ = {
			isa = PBXProject;
			attributes = {
				LastSwiftUpdateCheck = 1200;
				LastUpgradeCheck = 1200;
				TargetAttributes = {
					EFD55B9B25B70FDA00BFFEF5 = {
						CreatedOnToolsVersion = 12.0.1;
					};
				};
			};
			buildConfigurationList = EFD55B9725B70FD900BFFEF5 /* Build configuration list for PBXProject "Moonshot" */;
			compatibilityVersion = "Xcode 9.3";
			developmentRegion = en;
			hasScannedForEncodings = 0;
			knownRegions = (
				en,
				Base,
			);
			mainGroup = EFD55B9325B70FD900BFFEF5;
			productRefGroup = EFD55B9D25B70FDA00BFFEF5 /* Products */;
			projectDirPath = "";
			projectRoot = "";
			targets = (
				EFD55B9B25B70FDA00BFFEF5 /* Moonshot */,
			);
		};
/* End PBXProject section */

/* Begin PBXResourcesBuildPhase section */
		EFD55B9A25B70FDA00BFFEF5 /* Resources */ = {
			isa = PBXResourcesBuildPhase;
			buildActionMask = 2147483647;
			files = (
				EF15E44125B71DE000543A51 /* astronauts.json in Resources */,
				EFD55BA725B70FDD00BFFEF5 /* Preview Assets.xcassets in Resources */,
				EF15E44425B71DED00543A51 /* missions.json in Resources */,
				EFD55BA425B70FDD00BFFEF5 /* Assets.xcassets in Resources */,
			);
			runOnlyForDeploymentPostprocessing = 0;
		};
/* End PBXResourcesBuildPhase section */

/* Begin PBXSourcesBuildPhase section */
		EFD55B9825B70FDA00BFFEF5 /* Sources */ = {
			isa = PBXSourcesBuildPhase;
			buildActionMask = 2147483647;
			files = (
				EFD55BA225B70FDA00BFFEF5 /* ContentView.swift in Sources */,
				EFD55BA025B70FDA00BFFEF5 /* MoonshotApp.swift in Sources */,
				EF15E43B25B71CEA00543A51 /* Bundle-Decodable.swift in Sources */,
				EF15E44725B71E9900543A51 /* Mission.swift in Sources */,
				EF15E44D25B72CE200543A51 /* AstronautsView.swift in Sources */,
				EF15E43E25B71D3300543A51 /* Astronaut.swift in Sources */,
				EF15E44A25B727E400543A51 /* MissionView.swift in Sources */,
			);
			runOnlyForDeploymentPostprocessing = 0;
		};
/* End PBXSourcesBuildPhase section */

/* Begin XCBuildConfiguration section */
		EFD55BA925B70FDD00BFFEF5 /* Debug */ = {
			isa = XCBuildConfiguration;
			buildSettings = {
				ALWAYS_SEARCH_USER_PATHS = NO;
				CLANG_ANALYZER_NONNULL = YES;
				CLANG_ANALYZER_NUMBER_OBJECT_CONVERSION = YES_AGGRESSIVE;
				CLANG_CXX_LANGUAGE_STANDARD = "gnu++14";
				CLANG_CXX_LIBRARY = "libc++";
				CLANG_ENABLE_MODULES = YES;
				CLANG_ENABLE_OBJC_ARC = YES;
				CLANG_ENABLE_OBJC_WEAK = YES;
				CLANG_WARN_BLOCK_CAPTURE_AUTORELEASING = YES;
				CLANG_WARN_BOOL_CONVERSION = YES;
				CLANG_WARN_COMMA = YES;
				CLANG_WARN_CONSTANT_CONVERSION = YES;
				CLANG_WARN_DEPRECATED_OBJC_IMPLEMENTATIONS = YES;
				CLANG_WARN_DIRECT_OBJC_ISA_USAGE = YES_ERROR;
				CLANG_WARN_DOCUMENTATION_COMMENTS = YES;
				CLANG_WARN_EMPTY_BODY = YES;
				CLANG_WARN_ENUM_CONVERSION = YES;
				CLANG_WARN_INFINITE_RECURSION = YES;
				CLANG_WARN_INT_CONVERSION = YES;
				CLANG_WARN_NON_LITERAL_NULL_CONVERSION = YES;
				CLANG_WARN_OBJC_IMPLICIT_RETAIN_SELF = YES;
				CLANG_WARN_OBJC_LITERAL_CONVERSION = YES;
				CLANG_WARN_OBJC_ROOT_CLASS = YES_ERROR;
				CLANG_WARN_QUOTED_INCLUDE_IN_FRAMEWORK_HEADER = YES;
				CLANG_WARN_RANGE_LOOP_ANALYSIS = YES;
				CLANG_WARN_STRICT_PROTOTYPES = YES;
				CLANG_WARN_SUSPICIOUS_MOVE = YES;
				CLANG_WARN_UNGUARDED_AVAILABILITY = YES_AGGRESSIVE;
				CLANG_WARN_UNREACHABLE_CODE = YES;
				CLANG_WARN__DUPLICATE_METHOD_MATCH = YES;
				COPY_PHASE_STRIP = NO;
				DEBUG_INFORMATION_FORMAT = dwarf;
				ENABLE_STRICT_OBJC_MSGSEND = YES;
				ENABLE_TESTABILITY = YES;
				GCC_C_LANGUAGE_STANDARD = gnu11;
				GCC_DYNAMIC_NO_PIC = NO;
				GCC_NO_COMMON_BLOCKS = YES;
				GCC_OPTIMIZATION_LEVEL = 0;
				GCC_PREPROCESSOR_DEFINITIONS = (
					"DEBUG=1",
					"$(inherited)",
				);
				GCC_WARN_64_TO_32_BIT_CONVERSION = YES;
				GCC_WARN_ABOUT_RETURN_TYPE = YES_ERROR;
				GCC_WARN_UNDECLARED_SELECTOR = YES;
				GCC_WARN_UNINITIALIZED_AUTOS = YES_AGGRESSIVE;
				GCC_WARN_UNUSED_FUNCTION = YES;
				GCC_WARN_UNUSED_VARIABLE = YES;
				IPHONEOS_DEPLOYMENT_TARGET = 14.0;
				MTL_ENABLE_DEBUG_INFO = INCLUDE_SOURCE;
				MTL_FAST_MATH = YES;
				ONLY_ACTIVE_ARCH = YES;
				SDKROOT = iphoneos;
				SWIFT_ACTIVE_COMPILATION_CONDITIONS = DEBUG;
				SWIFT_OPTIMIZATION_LEVEL = "-Onone";
			};
			name = Debug;
		};
		EFD55BAA25B70FDD00BFFEF5 /* Release */ = {
			isa = XCBuildConfiguration;
			buildSettings = {
				ALWAYS_SEARCH_USER_PATHS = NO;
				CLANG_ANALYZER_NONNULL = YES;
				CLANG_ANALYZER_NUMBER_OBJECT_CONVERSION = YES_AGGRESSIVE;
				CLANG_CXX_LANGUAGE_STANDARD = "gnu++14";
				CLANG_CXX_LIBRARY = "libc++";
				CLANG_ENABLE_MODULES = YES;
				CLANG_ENABLE_OBJC_ARC = YES;
				CLANG_ENABLE_OBJC_WEAK = YES;
				CLANG_WARN_BLOCK_CAPTURE_AUTORELEASING = YES;
				CLANG_WARN_BOOL_CONVERSION = YES;
				CLANG_WARN_COMMA = YES;
				CLANG_WARN_CONSTANT_CONVERSION = YES;
				CLANG_WARN_DEPRECATED_OBJC_IMPLEMENTATIONS = YES;
				CLANG_WARN_DIRECT_OBJC_ISA_USAGE = YES_ERROR;
				CLANG_WARN_DOCUMENTATION_COMMENTS = YES;
				CLANG_WARN_EMPTY_BODY = YES;
				CLANG_WARN_ENUM_CONVERSION = YES;
				CLANG_WARN_INFINITE_RECURSION = YES;
				CLANG_WARN_INT_CONVERSION = YES;
				CLANG_WARN_NON_LITERAL_NULL_CONVERSION = YES;
				CLANG_WARN_OBJC_IMPLICIT_RETAIN_SELF = YES;
				CLANG_WARN_OBJC_LITERAL_CONVERSION = YES;
				CLANG_WARN_OBJC_ROOT_CLASS = YES_ERROR;
				CLANG_WARN_QUOTED_INCLUDE_IN_FRAMEWORK_HEADER = YES;
				CLANG_WARN_RANGE_LOOP_ANALYSIS = YES;
				CLANG_WARN_STRICT_PROTOTYPES = YES;
				CLANG_WARN_SUSPICIOUS_MOVE = YES;
				CLANG_WARN_UNGUARDED_AVAILABILITY = YES_AGGRESSIVE;
				CLANG_WARN_UNREACHABLE_CODE = YES;
				CLANG_WARN__DUPLICATE_METHOD_MATCH = YES;
				COPY_PHASE_STRIP = NO;
				DEBUG_INFORMATION_FORMAT = "dwarf-with-dsym";
				ENABLE_NS_ASSERTIONS = NO;
				ENABLE_STRICT_OBJC_MSGSEND = YES;
				GCC_C_LANGUAGE_STANDARD = gnu11;
				GCC_NO_COMMON_BLOCKS = YES;
				GCC_WARN_64_TO_32_BIT_CONVERSION = YES;
				GCC_WARN_ABOUT_RETURN_TYPE = YES_ERROR;
				GCC_WARN_UNDECLARED_SELECTOR = YES;
				GCC_WARN_UNINITIALIZED_AUTOS = YES_AGGRESSIVE;
				GCC_WARN_UNUSED_FUNCTION = YES;
				GCC_WARN_UNUSED_VARIABLE = YES;
				IPHONEOS_DEPLOYMENT_TARGET = 14.0;
				MTL_ENABLE_DEBUG_INFO = NO;
				MTL_FAST_MATH = YES;
				SDKROOT = iphoneos;
				SWIFT_COMPILATION_MODE = wholemodule;
				SWIFT_OPTIMIZATION_LEVEL = "-O";
				VALIDATE_PRODUCT = YES;
			};
			name = Release;
		};
		EFD55BAC25B70FDD00BFFEF5 /* Debug */ = {
			isa = XCBuildConfiguration;
			buildSettings = {
				ASSETCATALOG_COMPILER_APPICON_NAME = AppIcon;
				ASSETCATALOG_COMPILER_GLOBAL_ACCENT_COLOR_NAME = AccentColor;
				CODE_SIGN_STYLE = Automatic;
				DEVELOPMENT_ASSET_PATHS = "\"Moonshot/Preview Content\"";
				DEVELOPMENT_TEAM = V453D7MH43;
				ENABLE_PREVIEWS = YES;
				INFOPLIST_FILE = Moonshot/Info.plist;
				IPHONEOS_DEPLOYMENT_TARGET = 14.0;
				LD_RUNPATH_SEARCH_PATHS = (
					"$(inherited)",
					"@executable_path/Frameworks",
				);
				PRODUCT_BUNDLE_IDENTIFIER = pl.edu.uj.waniova.Moonshot;
				PRODUCT_NAME = "$(TARGET_NAME)";
				SWIFT_VERSION = 5.0;
				TARGETED_DEVICE_FAMILY = "1,2";
			};
			name = Debug;
		};
		EFD55BAD25B70FDD00BFFEF5 /* Release */ = {
			isa = XCBuildConfiguration;
			buildSettings = {
				ASSETCATALOG_COMPILER_APPICON_NAME = AppIcon;
				ASSETCATALOG_COMPILER_GLOBAL_ACCENT_COLOR_NAME = AccentColor;
				CODE_SIGN_STYLE = Automatic;
				DEVELOPMENT_ASSET_PATHS = "\"Moonshot/Preview Content\"";
				DEVELOPMENT_TEAM = V453D7MH43;
				ENABLE_PREVIEWS = YES;
				INFOPLIST_FILE = Moonshot/Info.plist;
				IPHONEOS_DEPLOYMENT_TARGET = 14.0;
				LD_RUNPATH_SEARCH_PATHS = (
					"$(inherited)",
					"@executable_path/Frameworks",
				);
				PRODUCT_BUNDLE_IDENTIFIER = pl.edu.uj.waniova.Moonshot;
				PRODUCT_NAME = "$(TARGET_NAME)";
				SWIFT_VERSION = 5.0;
				TARGETED_DEVICE_FAMILY = "1,2";
			};
			name = Release;
		};
/* End XCBuildConfiguration section */

/* Begin XCConfigurationList section */
		EFD55B9725B70FD900BFFEF5 /* Build configuration list for PBXProject "Moonshot" */ = {
			isa = XCConfigurationList;
			buildConfigurations = (
				EFD55BA925B70FDD00BFFEF5 /* Debug */,
				EFD55BAA25B70FDD00BFFEF5 /* Release */,
			);
			defaultConfigurationIsVisible = 0;
			defaultConfigurationName = Release;
		};
		EFD55BAB25B70FDD00BFFEF5 /* Build configuration list for PBXNativeTarget "Moonshot" */ = {
			isa = XCConfigurationList;
			buildConfigurations = (
				EFD55BAC25B70FDD00BFFEF5 /* Debug */,
				EFD55BAD25B70FDD00BFFEF5 /* Release */,
			);
			defaultConfigurationIsVisible = 0;
			defaultConfigurationName = Release;
		};
/* End XCConfigurationList section */
	};
	rootObject = EFD55B9425B70FD900BFFEF5 /* Project object */;
}
