// !$*UTF8*$!
{
	archiveVersion = 1;
	classes = {
	};
	objectVersion = 46;
	objects = {

/* Begin PBXBuildFile section */
		AE7DF5AA1AFCF5DF00825B8B /* AppDelegate.swift in Sources */ = {isa = PBXBuildFile; fileRef = AE7DF5A91AFCF5DF00825B8B /* AppDelegate.swift */; };
		AE7DF5AC1AFCF5DF00825B8B /* ViewController.swift in Sources */ = {isa = PBXBuildFile; fileRef = AE7DF5AB1AFCF5DF00825B8B /* ViewController.swift */; };
		AE7DF5AF1AFCF5DF00825B8B /* Main.storyboard in Resources */ = {isa = PBXBuildFile; fileRef = AE7DF5AD1AFCF5DF00825B8B /* Main.storyboard */; };
		AE7DF5B11AFCF5DF00825B8B /* Images.xcassets in Resources */ = {isa = PBXBuildFile; fileRef = AE7DF5B01AFCF5DF00825B8B /* Images.xcassets */; };
		AE7DF5B41AFCF5DF00825B8B /* LaunchScreen.xib in Resources */ = {isa = PBXBuildFile; fileRef = AE7DF5B21AFCF5DF00825B8B /* LaunchScreen.xib */; };
		AE7DF5CA1AFD391C00825B8B /* Place.swift in Sources */ = {isa = PBXBuildFile; fileRef = AE7DF5C91AFD391C00825B8B /* Place.swift */; };
/* End PBXBuildFile section */

/* Begin PBXFileReference section */
		AE7DF5A41AFCF5DF00825B8B /* GetLocation.app */ = {isa = PBXFileReference; explicitFileType = wrapper.application; includeInIndex = 0; path = GetLocation.app; sourceTree = BUILT_PRODUCTS_DIR; };
		AE7DF5A81AFCF5DF00825B8B /* Info.plist */ = {isa = PBXFileReference; lastKnownFileType = text.plist.xml; path = Info.plist; sourceTree = "<group>"; };
		AE7DF5A91AFCF5DF00825B8B /* AppDelegate.swift */ = {isa = PBXFileReference; lastKnownFileType = sourcecode.swift; path = AppDelegate.swift; sourceTree = "<group>"; };
		AE7DF5AB1AFCF5DF00825B8B /* ViewController.swift */ = {isa = PBXFileReference; lastKnownFileType = sourcecode.swift; path = ViewController.swift; sourceTree = "<group>"; };
		AE7DF5AE1AFCF5DF00825B8B /* Base */ = {isa = PBXFileReference; lastKnownFileType = file.storyboard; name = Base; path = Base.lproj/Main.storyboard; sourceTree = "<group>"; };
		AE7DF5B01AFCF5DF00825B8B /* Images.xcassets */ = {isa = PBXFileReference; lastKnownFileType = folder.assetcatalog; path = Images.xcassets; sourceTree = "<group>"; };
		AE7DF5B31AFCF5DF00825B8B /* Base */ = {isa = PBXFileReference; lastKnownFileType = file.xib; name = Base; path = Base.lproj/LaunchScreen.xib; sourceTree = "<group>"; };
		AE7DF5C91AFD391C00825B8B /* Place.swift */ = {isa = PBXFileReference; fileEncoding = 4; lastKnownFileType = sourcecode.swift; path = Place.swift; sourceTree = "<group>"; };
/* End PBXFileReference section */

/* Begin PBXFrameworksBuildPhase section */
		AE7DF5A11AFCF5DF00825B8B /* Frameworks */ = {
			isa = PBXFrameworksBuildPhase;
			buildActionMask = 2147483647;
			files = (
			);
			runOnlyForDeploymentPostprocessing = 0;
		};
/* End PBXFrameworksBuildPhase section */

/* Begin PBXGroup section */
		AE7DF59B1AFCF5DF00825B8B = {
			isa = PBXGroup;
			children = (
				AE7DF5A61AFCF5DF00825B8B /* GetLocation */,
				AE7DF5A51AFCF5DF00825B8B /* Products */,
			);
			sourceTree = "<group>";
		};
		AE7DF5A51AFCF5DF00825B8B /* Products */ = {
			isa = PBXGroup;
			children = (
				AE7DF5A41AFCF5DF00825B8B /* GetLocation.app */,
			);
			name = Products;
			sourceTree = "<group>";
		};
		AE7DF5A61AFCF5DF00825B8B /* GetLocation */ = {
			isa = PBXGroup;
			children = (
				AE7DF5A91AFCF5DF00825B8B /* AppDelegate.swift */,
				AE7DF5AB1AFCF5DF00825B8B /* ViewController.swift */,
				AE7DF5C91AFD391C00825B8B /* Place.swift */,
				AE7DF5AD1AFCF5DF00825B8B /* Main.storyboard */,
				AE7DF5B01AFCF5DF00825B8B /* Images.xcassets */,
				AE7DF5B21AFCF5DF00825B8B /* LaunchScreen.xib */,
				AE7DF5A71AFCF5DF00825B8B /* Supporting Files */,
			);
			path = GetLocation;
			sourceTree = "<group>";
		};
		AE7DF5A71AFCF5DF00825B8B /* Supporting Files */ = {
			isa = PBXGroup;
			children = (
				AE7DF5A81AFCF5DF00825B8B /* Info.plist */,
			);
			name = "Supporting Files";
			sourceTree = "<group>";
		};
/* End PBXGroup section */

/* Begin PBXNativeTarget section */
		AE7DF5A31AFCF5DF00825B8B /* GetLocation */ = {
			isa = PBXNativeTarget;
			buildConfigurationList = AE7DF5C31AFCF5DF00825B8B /* Build configuration list for PBXNativeTarget "GetLocation" */;
			buildPhases = (
				AE7DF5A01AFCF5DF00825B8B /* Sources */,
				AE7DF5A11AFCF5DF00825B8B /* Frameworks */,
				AE7DF5A21AFCF5DF00825B8B /* Resources */,
			);
			buildRules = (
			);
			dependencies = (
			);
			name = GetLocation;
			productName = GetLocation;
			productReference = AE7DF5A41AFCF5DF00825B8B /* GetLocation.app */;
			productType = "com.apple.product-type.application";
		};
/* End PBXNativeTarget section */

/* Begin PBXProject section */
		AE7DF59C1AFCF5DF00825B8B /* Project object */ = {
			isa = PBXProject;
			attributes = {
				LastSwiftMigration = 0710;
				LastSwiftUpdateCheck = 0710;
				LastUpgradeCheck = 1220;
				ORGANIZATIONNAME = IIiMKUJ;
				TargetAttributes = {
					AE7DF5A31AFCF5DF00825B8B = {
						CreatedOnToolsVersion = 6.3;
						LastSwiftMigration = 1220;
					};
				};
			};
			buildConfigurationList = AE7DF59F1AFCF5DF00825B8B /* Build configuration list for PBXProject "GetLocation" */;
			compatibilityVersion = "Xcode 3.2";
			developmentRegion = en;
			hasScannedForEncodings = 0;
			knownRegions = (
				en,
				Base,
			);
			mainGroup = AE7DF59B1AFCF5DF00825B8B;
			productRefGroup = AE7DF5A51AFCF5DF00825B8B /* Products */;
			projectDirPath = "";
			projectRoot = "";
			targets = (
				AE7DF5A31AFCF5DF00825B8B /* GetLocation */,
			);
		};
/* End PBXProject section */

/* Begin PBXResourcesBuildPhase section */
		AE7DF5A21AFCF5DF00825B8B /* Resources */ = {
			isa = PBXResourcesBuildPhase;
			buildActionMask = 2147483647;
			files = (
				AE7DF5AF1AFCF5DF00825B8B /* Main.storyboard in Resources */,
				AE7DF5B41AFCF5DF00825B8B /* LaunchScreen.xib in Resources */,
				AE7DF5B11AFCF5DF00825B8B /* Images.xcassets in Resources */,
			);
			runOnlyForDeploymentPostprocessing = 0;
		};
/* End PBXResourcesBuildPhase section */

/* Begin PBXSourcesBuildPhase section */
		AE7DF5A01AFCF5DF00825B8B /* Sources */ = {
			isa = PBXSourcesBuildPhase;
			buildActionMask = 2147483647;
			files = (
				AE7DF5CA1AFD391C00825B8B /* Place.swift in Sources */,
				AE7DF5AC1AFCF5DF00825B8B /* ViewController.swift in Sources */,
				AE7DF5AA1AFCF5DF00825B8B /* AppDelegate.swift in Sources */,
			);
			runOnlyForDeploymentPostprocessing = 0;
		};
/* End PBXSourcesBuildPhase section */

/* Begin PBXVariantGroup section */
		AE7DF5AD1AFCF5DF00825B8B /* Main.storyboard */ = {
			isa = PBXVariantGroup;
			children = (
				AE7DF5AE1AFCF5DF00825B8B /* Base */,
			);
			name = Main.storyboard;
			sourceTree = "<group>";
		};
		AE7DF5B21AFCF5DF00825B8B /* LaunchScreen.xib */ = {
			isa = PBXVariantGroup;
			children = (
				AE7DF5B31AFCF5DF00825B8B /* Base */,
			);
			name = LaunchScreen.xib;
			sourceTree = "<group>";
		};
/* End PBXVariantGroup section */

/* Begin XCBuildConfiguration section */
		AE7DF5C11AFCF5DF00825B8B /* Debug */ = {
			isa = XCBuildConfiguration;
			buildSettings = {
				ALWAYS_SEARCH_USER_PATHS = NO;
				CLANG_CXX_LANGUAGE_STANDARD = "gnu++0x";
				CLANG_CXX_LIBRARY = "libc++";
				CLANG_ENABLE_MODULES = YES;
				CLANG_ENABLE_OBJC_ARC = YES;
				CLANG_WARN_BLOCK_CAPTURE_AUTORELEASING = YES;
				CLANG_WARN_BOOL_CONVERSION = YES;
				CLANG_WARN_COMMA = YES;
				CLANG_WARN_CONSTANT_CONVERSION = YES;
				CLANG_WARN_DEPRECATED_OBJC_IMPLEMENTATIONS = YES;
				CLANG_WARN_DIRECT_OBJC_ISA_USAGE = YES_ERROR;
				CLANG_WARN_EMPTY_BODY = YES;
				CLANG_WARN_ENUM_CONVERSION = YES;
				CLANG_WARN_INFINITE_RECURSION = YES;
				CLANG_WARN_INT_CONVERSION = YES;
				CLANG_WARN_NON_LITERAL_NULL_CONVERSION = YES;
				CLANG_WARN_OBJC_IMPLICIT_RETAIN_SELF = YES;
				CLANG_WARN_OBJC_LITERAL_CONVERSION = YES;
				CLANG_WARN_OBJC_ROOT_CLASS = YES_ERROR;
				CLANG_WARN_QUOTED_INCLUDE_IN_FRAMEWORK_HEADER = YES;
				CLANG_WARN_RANGE_LOOP_ANALYSIS = YES;
				CLANG_WARN_STRICT_PROTOTYPES = YES;
				CLANG_WARN_SUSPICIOUS_MOVE = YES;
				CLANG_WARN_UNREACHABLE_CODE = YES;
				CLANG_WARN__DUPLICATE_METHOD_MATCH = YES;
				"CODE_SIGN_IDENTITY[sdk=iphoneos*]" = "iPhone Developer";
				COPY_PHASE_STRIP = NO;
				DEBUG_INFORMATION_FORMAT = "dwarf-with-dsym";
				ENABLE_STRICT_OBJC_MSGSEND = YES;
				ENABLE_TESTABILITY = YES;
				GCC_C_LANGUAGE_STANDARD = gnu99;
				GCC_DYNAMIC_NO_PIC = NO;
				GCC_NO_COMMON_BLOCKS = YES;
				GCC_OPTIMIZATION_LEVEL = 0;
				GCC_PREPROCESSOR_DEFINITIONS = (
					"DEBUG=1",
					"$(inherited)",
				);
				GCC_SYMBOLS_PRIVATE_EXTERN = NO;
				GCC_WARN_64_TO_32_BIT_CONVERSION = YES;
				GCC_WARN_ABOUT_RETURN_TYPE = YES_ERROR;
				GCC_WARN_UNDECLARED_SELECTOR = YES;
				GCC_WARN_UNINITIALIZED_AUTOS = YES_AGGRESSIVE;
				GCC_WARN_UNUSED_FUNCTION = YES;
				GCC_WARN_UNUSED_VARIABLE = YES;
				IPHONEOS_DEPLOYMENT_TARGET = 12.0;
				MTL_ENABLE_DEBUG_INFO = YES;
				ONLY_ACTIVE_ARCH = YES;
				SDKROOT = iphoneos;
				SWIFT_OPTIMIZATION_LEVEL = "-Onone";
				SWIFT_SWIFT3_OBJC_INFERENCE = Default;
				TARGETED_DEVICE_FAMILY = "1,2";
			};
			name = Debug;
		};
		AE7DF5C21AFCF5DF00825B8B /* Release */ = {
			isa = XCBuildConfiguration;
			buildSettings = {
				ALWAYS_SEARCH_USER_PATHS = NO;
				CLANG_CXX_LANGUAGE_STANDARD = "gnu++0x";
				CLANG_CXX_LIBRARY = "libc++";
				CLANG_ENABLE_MODULES = YES;
				CLANG_ENABLE_OBJC_ARC = YES;
				CLANG_WARN_BLOCK_CAPTURE_AUTORELEASING = YES;
				CLANG_WARN_BOOL_CONVERSION = YES;
				CLANG_WARN_COMMA = YES;
				CLANG_WARN_CONSTANT_CONVERSION = YES;
				CLANG_WARN_DEPRECATED_OBJC_IMPLEMENTATIONS = YES;
				CLANG_WARN_DIRECT_OBJC_ISA_USAGE = YES_ERROR;
				CLANG_WARN_EMPTY_BODY = YES;
				CLANG_WARN_ENUM_CONVERSION = YES;
				CLANG_WARN_INFINITE_RECURSION = YES;
				CLANG_WARN_INT_CONVERSION = YES;
				CLANG_WARN_NON_LITERAL_NULL_CONVERSION = YES;
				CLANG_WARN_OBJC_IMPLICIT_RETAIN_SELF = YES;
				CLANG_WARN_OBJC_LITERAL_CONVERSION = YES;
				CLANG_WARN_OBJC_ROOT_CLASS = YES_ERROR;
				CLANG_WARN_QUOTED_INCLUDE_IN_FRAMEWORK_HEADER = YES;
				CLANG_WARN_RANGE_LOOP_ANALYSIS = YES;
				CLANG_WARN_STRICT_PROTOTYPES = YES;
				CLANG_WARN_SUSPICIOUS_MOVE = YES;
				CLANG_WARN_UNREACHABLE_CODE = YES;
				CLANG_WARN__DUPLICATE_METHOD_MATCH = YES;
				"CODE_SIGN_IDENTITY[sdk=iphoneos*]" = "iPhone Developer";
				COPY_PHASE_STRIP = NO;
				DEBUG_INFORMATION_FORMAT = "dwarf-with-dsym";
				ENABLE_NS_ASSERTIONS = NO;
				ENABLE_STRICT_OBJC_MSGSEND = YES;
				GCC_C_LANGUAGE_STANDARD = gnu99;
				GCC_NO_COMMON_BLOCKS = YES;
				GCC_WARN_64_TO_32_BIT_CONVERSION = YES;
				GCC_WARN_ABOUT_RETURN_TYPE = YES_ERROR;
				GCC_WARN_UNDECLARED_SELECTOR = YES;
				GCC_WARN_UNINITIALIZED_AUTOS = YES_AGGRESSIVE;
				GCC_WARN_UNUSED_FUNCTION = YES;
				GCC_WARN_UNUSED_VARIABLE = YES;
				IPHONEOS_DEPLOYMENT_TARGET = 12.0;
				MTL_ENABLE_DEBUG_INFO = NO;
				SDKROOT = iphoneos;
				SWIFT_OPTIMIZATION_LEVEL = "-Owholemodule";
				SWIFT_SWIFT3_OBJC_INFERENCE = Default;
				TARGETED_DEVICE_FAMILY = "1,2";
				VALIDATE_PRODUCT = YES;
			};
			name = Release;
		};
		AE7DF5C41AFCF5DF00825B8B /* Debug */ = {
			isa = XCBuildConfiguration;
			buildSettings = {
				ASSETCATALOG_COMPILER_APPICON_NAME = AppIcon;
				INFOPLIST_FILE = GetLocation/Info.plist;
				LD_RUNPATH_SEARCH_PATHS = "$(inherited) @executable_path/Frameworks";
				PRODUCT_BUNDLE_IDENTIFIER = "pl.edu.uj.ii.$(PRODUCT_NAME:rfc1034identifier)";
				PRODUCT_NAME = "$(TARGET_NAME)";
				SWIFT_SWIFT3_OBJC_INFERENCE = Default;
				SWIFT_VERSION = 5.0;
			};
			name = Debug;
		};
		AE7DF5C51AFCF5DF00825B8B /* Release */ = {
			isa = XCBuildConfiguration;
			buildSettings = {
				ASSETCATALOG_COMPILER_APPICON_NAME = AppIcon;
				INFOPLIST_FILE = GetLocation/Info.plist;
				LD_RUNPATH_SEARCH_PATHS = "$(inherited) @executable_path/Frameworks";
				PRODUCT_BUNDLE_IDENTIFIER = "pl.edu.uj.ii.$(PRODUCT_NAME:rfc1034identifier)";
				PRODUCT_NAME = "$(TARGET_NAME)";
				SWIFT_SWIFT3_OBJC_INFERENCE = Default;
				SWIFT_VERSION = 5.0;
			};
			name = Release;
		};
/* End XCBuildConfiguration section */

/* Begin XCConfigurationList section */
		AE7DF59F1AFCF5DF00825B8B /* Build configuration list for PBXProject "GetLocation" */ = {
			isa = XCConfigurationList;
			buildConfigurations = (
				AE7DF5C11AFCF5DF00825B8B /* Debug */,
				AE7DF5C21AFCF5DF00825B8B /* Release */,
			);
			defaultConfigurationIsVisible = 0;
			defaultConfigurationName = Release;
		};
		AE7DF5C31AFCF5DF00825B8B /* Build configuration list for PBXNativeTarget "GetLocation" */ = {
			isa = XCConfigurationList;
			buildConfigurations = (
				AE7DF5C41AFCF5DF00825B8B /* Debug */,
				AE7DF5C51AFCF5DF00825B8B /* Release */,
			);
			defaultConfigurationIsVisible = 0;
			defaultConfigurationName = Release;
		};
/* End XCConfigurationList section */
	};
	rootObject = AE7DF59C1AFCF5DF00825B8B /* Project object */;
}
